
Microsoft Visual Studio Solution File, Format Version 12.00
# Visual Studio Version 16
VisualStudioVersion = 16.0.30104.148
MinimumVisualStudioVersion = 10.0.40219.1
Project("{FAE04EC0-301F-11D3-BF4B-00C04F79EFBC}") = "RiverFlowCalculator", "RiverFlowCalculator\RiverFlowCalculator.csproj", "{BFFDEB35-519C-448F-A387-C18997BF3B59}"
EndProject
Project("{FAE04EC0-301F-11D3-BF4B-00C04F79EFBC}") = "RiverFlowCalculatorTests", "RiverFlowCalculatorTests\RiverFlowCalculatorTests.csproj", "{79549BB1-CC1F-4B8A-BA06-A77E010744BE}"
EndProject
Global
	GlobalSection(SolutionConfigurationPlatforms) = preSolution
		Debug|Any CPU = Debug|Any CPU
		Release|Any CPU = Release|Any CPU
	EndGlobalSection
	GlobalSection(ProjectConfigurationPlatforms) = postSolution
		{BFFDEB35-519C-448F-A387-C18997BF3B59}.Debug|Any CPU.ActiveCfg = Debug|Any CPU
		{BFFDEB35-519C-448F-A387-C18997BF3B59}.Debug|Any CPU.Build.0 = Debug|Any CPU
		{BFFDEB35-519C-448F-A387-C18997BF3B59}.Release|Any CPU.ActiveCfg = Release|Any CPU
		{BFFDEB35-519C-448F-A387-C18997BF3B59}.Release|Any CPU.Build.0 = Release|Any CPU
		{79549BB1-CC1F-4B8A-BA06-A77E010744BE}.Debug|Any CPU.ActiveCfg = Debug|Any CPU
		{79549BB1-CC1F-4B8A-BA06-A77E010744BE}.Debug|Any CPU.Build.0 = Debug|Any CPU
		{79549BB1-CC1F-4B8A-BA06-A77E010744BE}.Release|Any CPU.ActiveCfg = Release|Any CPU
		{79549BB1-CC1F-4B8A-BA06-A77E010744BE}.Release|Any CPU.Build.0 = Release|Any CPU
	EndGlobalSection
	GlobalSection(SolutionProperties) = preSolution
		HideSolutionNode = FALSE
	EndGlobalSection
	GlobalSection(ExtensibilityGlobals) = postSolution
		SolutionGuid = {57077D61-9580-44C7-9CE5-1649B780DCE1}
	EndGlobalSection
EndGlobal
